
Microsoft Visual Studio Solution File, Format Version 12.00
# Visual Studio 14
VisualStudioVersion = 14.0.25420.1
MinimumVisualStudioVersion = 10.0.40219.1
Project("{FAE04EC0-301F-11D3-BF4B-00C04F79EFBC}") = "MassDefectDB.Models", "MassDefectDB.Models\MassDefectDB.Models.csproj", "{9408F3D8-5F85-40F9-995F-EE60B16C31FB}"
EndProject
Project("{FAE04EC0-301F-11D3-BF4B-00C04F79EFBC}") = "MassDefectDB.Data", "MassDefectDB.Data\MassDefectDB.Data.csproj", "{56B6EA79-33B4-4673-981B-3E7C99758EB3}"
EndProject
Project("{FAE04EC0-301F-11D3-BF4B-00C04F79EFBC}") = "MassDefectDB.ConsoleClient", "MassDefectDB.ConsoleClient\MassDefectDB.ConsoleClient.csproj", "{DC4346B0-BAA8-4233-A457-911EA1F5E0C6}"
EndProject
Project("{FAE04EC0-301F-11D3-BF4B-00C04F79EFBC}") = "JSONImports", "JSONImports\JSONImports.csproj", "{DC7B287A-20C4-48FF-9301-8F5AEC2491E8}"
EndProject
Project("{FAE04EC0-301F-11D3-BF4B-00C04F79EFBC}") = "XmlImports", "XmlImports\XmlImports.csproj", "{270F32EC-B113-4892-BEBE-FDA59000EEF0}"
EndProject
Project("{FAE04EC0-301F-11D3-BF4B-00C04F79EFBC}") = "JSONExport", "JSONExport\JSONExport.csproj", "{81947516-0247-4F77-A18E-31CEAE6B97D7}"
EndProject
Project("{FAE04EC0-301F-11D3-BF4B-00C04F79EFBC}") = "XMLExport", "XMLExport\XMLExport.csproj", "{2EBED140-F8B5-4C9B-9467-C86F04B9B518}"
EndProject
Global
	GlobalSection(SolutionConfigurationPlatforms) = preSolution
		Debug|Any CPU = Debug|Any CPU
		Release|Any CPU = Release|Any CPU
	EndGlobalSection
	GlobalSection(ProjectConfigurationPlatforms) = postSolution
		{9408F3D8-5F85-40F9-995F-EE60B16C31FB}.Debug|Any CPU.ActiveCfg = Debug|Any CPU
		{9408F3D8-5F85-40F9-995F-EE60B16C31FB}.Debug|Any CPU.Build.0 = Debug|Any CPU
		{9408F3D8-5F85-40F9-995F-EE60B16C31FB}.Release|Any CPU.ActiveCfg = Release|Any CPU
		{9408F3D8-5F85-40F9-995F-EE60B16C31FB}.Release|Any CPU.Build.0 = Release|Any CPU
		{56B6EA79-33B4-4673-981B-3E7C99758EB3}.Debug|Any CPU.ActiveCfg = Debug|Any CPU
		{56B6EA79-33B4-4673-981B-3E7C99758EB3}.Debug|Any CPU.Build.0 = Debug|Any CPU
		{56B6EA79-33B4-4673-981B-3E7C99758EB3}.Release|Any CPU.ActiveCfg = Release|Any CPU
		{56B6EA79-33B4-4673-981B-3E7C99758EB3}.Release|Any CPU.Build.0 = Release|Any CPU
		{DC4346B0-BAA8-4233-A457-911EA1F5E0C6}.Debug|Any CPU.ActiveCfg = Debug|Any CPU
		{DC4346B0-BAA8-4233-A457-911EA1F5E0C6}.Debug|Any CPU.Build.0 = Debug|Any CPU
		{DC4346B0-BAA8-4233-A457-911EA1F5E0C6}.Release|Any CPU.ActiveCfg = Release|Any CPU
		{DC4346B0-BAA8-4233-A457-911EA1F5E0C6}.Release|Any CPU.Build.0 = Release|Any CPU
		{DC7B287A-20C4-48FF-9301-8F5AEC2491E8}.Debug|Any CPU.ActiveCfg = Debug|Any CPU
		{DC7B287A-20C4-48FF-9301-8F5AEC2491E8}.Debug|Any CPU.Build.0 = Debug|Any CPU
		{DC7B287A-20C4-48FF-9301-8F5AEC2491E8}.Release|Any CPU.ActiveCfg = Release|Any CPU
		{DC7B287A-20C4-48FF-9301-8F5AEC2491E8}.Release|Any CPU.Build.0 = Release|Any CPU
		{270F32EC-B113-4892-BEBE-FDA59000EEF0}.Debug|Any CPU.ActiveCfg = Debug|Any CPU
		{270F32EC-B113-4892-BEBE-FDA59000EEF0}.Debug|Any CPU.Build.0 = Debug|Any CPU
		{270F32EC-B113-4892-BEBE-FDA59000EEF0}.Release|Any CPU.ActiveCfg = Release|Any CPU
		{270F32EC-B113-4892-BEBE-FDA59000EEF0}.Release|Any CPU.Build.0 = Release|Any CPU
		{81947516-0247-4F77-A18E-31CEAE6B97D7}.Debug|Any CPU.ActiveCfg = Debug|Any CPU
		{81947516-0247-4F77-A18E-31CEAE6B97D7}.Debug|Any CPU.Build.0 = Debug|Any CPU
		{81947516-0247-4F77-A18E-31CEAE6B97D7}.Release|Any CPU.ActiveCfg = Release|Any CPU
		{81947516-0247-4F77-A18E-31CEAE6B97D7}.Release|Any CPU.Build.0 = Release|Any CPU
		{2EBED140-F8B5-4C9B-9467-C86F04B9B518}.Debug|Any CPU.ActiveCfg = Debug|Any CPU
		{2EBED140-F8B5-4C9B-9467-C86F04B9B518}.Debug|Any CPU.Build.0 = Debug|Any CPU
		{2EBED140-F8B5-4C9B-9467-C86F04B9B518}.Release|Any CPU.ActiveCfg = Release|Any CPU
		{2EBED140-F8B5-4C9B-9467-C86F04B9B518}.Release|Any CPU.Build.0 = Release|Any CPU
	EndGlobalSection
	GlobalSection(SolutionProperties) = preSolution
		HideSolutionNode = FALSE
	EndGlobalSection
EndGlobal
